
Microsoft Visual Studio Solution File, Format Version 12.00
# Visual Studio Version 17
VisualStudioVersion = 17.3.32929.385
MinimumVisualStudioVersion = 10.0.40219.1
Project("{FAE04EC0-301F-11D3-BF4B-00C04F79EFBC}") = "Exec_RemoveCollectionItems", "Exec_RemoveCollectionItems\Exec_RemoveCollectionItems.csproj", "{39F93757-6F75-4B0C-90CE-9E75E7E69079}"
EndProject
Global
	GlobalSection(SolutionConfigurationPlatforms) = preSolution
		Debug|Any CPU = Debug|Any CPU
		Release|Any CPU = Release|Any CPU
	EndGlobalSection
	GlobalSection(ProjectConfigurationPlatforms) = postSolution
		{39F93757-6F75-4B0C-90CE-9E75E7E69079}.Debug|Any CPU.ActiveCfg = Debug|Any CPU
		{39F93757-6F75-4B0C-90CE-9E75E7E69079}.Debug|Any CPU.Build.0 = Debug|Any CPU
		{39F93757-6F75-4B0C-90CE-9E75E7E69079}.Release|Any CPU.ActiveCfg = Release|Any CPU
		{39F93757-6F75-4B0C-90CE-9E75E7E69079}.Release|Any CPU.Build.0 = Release|Any CPU
	EndGlobalSection
	GlobalSection(SolutionProperties) = preSolution
		HideSolutionNode = FALSE
	EndGlobalSection
	GlobalSection(ExtensibilityGlobals) = postSolution
		SolutionGuid = {319A8FC8-3D79-4BC7-8208-F9F06785B37B}
	EndGlobalSection
EndGlobal
